
Microsoft Visual Studio Solution File, Format Version 12.00
# Visual Studio 15
Project("{FAE04EC0-301F-11D3-BF4B-00C04F79EFBC}") = "SummarizeTempsLab", "SummarizeTempsLab.csproj", "{A42DF6ED-B239-443C-9918-B5C91FA573F4}"
EndProject
Global
	GlobalSection(SolutionConfigurationPlatforms) = preSolution
		Debug|Any CPU = Debug|Any CPU
		Release|Any CPU = Release|Any CPU
	EndGlobalSection
	GlobalSection(ProjectConfigurationPlatforms) = postSolution
		{A42DF6ED-B239-443C-9918-B5C91FA573F4}.Debug|Any CPU.ActiveCfg = Debug|Any CPU
		{A42DF6ED-B239-443C-9918-B5C91FA573F4}.Debug|Any CPU.Build.0 = Debug|Any CPU
		{A42DF6ED-B239-443C-9918-B5C91FA573F4}.Release|Any CPU.ActiveCfg = Release|Any CPU
		{A42DF6ED-B239-443C-9918-B5C91FA573F4}.Release|Any CPU.Build.0 = Release|Any CPU
	EndGlobalSection
EndGlobal
